// !$*UTF8*$!
{
	archiveVersion = 1;
	classes = {
	};
	objectVersion = 46;
	objects = {

/* Begin PBXBuildFile section */
		562606A21E3D487F0070E151 /* AppDelegate.swift in Sources */ = {isa = PBXBuildFile; fileRef = 562606A11E3D487F0070E151 /* AppDelegate.swift */; };
		562606A41E3D487F0070E151 /* ViewController.swift in Sources */ = {isa = PBXBuildFile; fileRef = 562606A31E3D487F0070E151 /* ViewController.swift */; };
		562606A71E3D487F0070E151 /* Main.storyboard in Resources */ = {isa = PBXBuildFile; fileRef = 562606A51E3D487F0070E151 /* Main.storyboard */; };
		562606A91E3D487F0070E151 /* Assets.xcassets in Resources */ = {isa = PBXBuildFile; fileRef = 562606A81E3D487F0070E151 /* Assets.xcassets */; };
		562606AC1E3D487F0070E151 /* LaunchScreen.storyboard in Resources */ = {isa = PBXBuildFile; fileRef = 562606AA1E3D487F0070E151 /* LaunchScreen.storyboard */; };
/* End PBXBuildFile section */

/* Begin PBXFileReference section */
		5626069E1E3D487F0070E151 /* SimonSays.app */ = {isa = PBXFileReference; explicitFileType = wrapper.application; includeInIndex = 0; path = SimonSays.app; sourceTree = BUILT_PRODUCTS_DIR; };
		562606A11E3D487F0070E151 /* AppDelegate.swift */ = {isa = PBXFileReference; lastKnownFileType = sourcecode.swift; path = AppDelegate.swift; sourceTree = "<group>"; };
		562606A31E3D487F0070E151 /* ViewController.swift */ = {isa = PBXFileReference; lastKnownFileType = sourcecode.swift; path = ViewController.swift; sourceTree = "<group>"; };
		562606A61E3D487F0070E151 /* Base */ = {isa = PBXFileReference; lastKnownFileType = file.storyboard; name = Base; path = Base.lproj/Main.storyboard; sourceTree = "<group>"; };
		562606A81E3D487F0070E151 /* Assets.xcassets */ = {isa = PBXFileReference; lastKnownFileType = folder.assetcatalog; path = Assets.xcassets; sourceTree = "<group>"; };
		562606AB1E3D487F0070E151 /* Base */ = {isa = PBXFileReference; lastKnownFileType = file.storyboard; name = Base; path = Base.lproj/LaunchScreen.storyboard; sourceTree = "<group>"; };
		562606AD1E3D487F0070E151 /* Info.plist */ = {isa = PBXFileReference; lastKnownFileType = text.plist.xml; path = Info.plist; sourceTree = "<group>"; };
/* End PBXFileReference section */

/* Begin PBXFrameworksBuildPhase section */
		5626069B1E3D487F0070E151 /* Frameworks */ = {
			isa = PBXFrameworksBuildPhase;
			buildActionMask = 2147483647;
			files = (
			);
			runOnlyForDeploymentPostprocessing = 0;
		};
/* End PBXFrameworksBuildPhase section */

/* Begin PBXGroup section */
		562606951E3D487F0070E151 = {
			isa = PBXGroup;
			children = (
				562606A01E3D487F0070E151 /* SimonSays */,
				5626069F1E3D487F0070E151 /* Products */,
			);
			sourceTree = "<group>";
		};
		5626069F1E3D487F0070E151 /* Products */ = {
			isa = PBXGroup;
			children = (
				5626069E1E3D487F0070E151 /* SimonSays.app */,
			);
			name = Products;
			sourceTree = "<group>";
		};
		562606A01E3D487F0070E151 /* SimonSays */ = {
			isa = PBXGroup;
			children = (
				562606A11E3D487F0070E151 /* AppDelegate.swift */,
				562606A31E3D487F0070E151 /* ViewController.swift */,
				562606A51E3D487F0070E151 /* Main.storyboard */,
				562606A81E3D487F0070E151 /* Assets.xcassets */,
				562606AA1E3D487F0070E151 /* LaunchScreen.storyboard */,
				562606AD1E3D487F0070E151 /* Info.plist */,
			);
			path = SimonSays;
			sourceTree = "<group>";
		};
/* End PBXGroup section */

/* Begin PBXNativeTarget section */
		5626069D1E3D487F0070E151 /* SimonSays */ = {
			isa = PBXNativeTarget;
			buildConfigurationList = 562606B01E3D487F0070E151 /* Build configuration list for PBXNativeTarget "SimonSays" */;
			buildPhases = (
				5626069A1E3D487F0070E151 /* Sources */,
				5626069B1E3D487F0070E151 /* Frameworks */,
				5626069C1E3D487F0070E151 /* Resources */,
			);
			buildRules = (
			);
			dependencies = (
			);
			name = SimonSays;
			productName = SimonSays;
			productReference = 5626069E1E3D487F0070E151 /* SimonSays.app */;
			productType = "com.apple.product-type.application";
		};
/* End PBXNativeTarget section */

/* Begin PBXProject section */
		562606961E3D487F0070E151 /* Project object */ = {
			isa = PBXProject;
			attributes = {
				LastSwiftUpdateCheck = 0820;
				LastUpgradeCheck = 0820;
				ORGANIZATIONNAME = "William Brancato";
				TargetAttributes = {
					5626069D1E3D487F0070E151 = {
						CreatedOnToolsVersion = 8.2.1;
						ProvisioningStyle = Automatic;
					};
				};
			};
			buildConfigurationList = 562606991E3D487F0070E151 /* Build configuration list for PBXProject "SimonSays" */;
			compatibilityVersion = "Xcode 3.2";
			developmentRegion = English;
			hasScannedForEncodings = 0;
			knownRegions = (
				en,
				Base,
			);
			mainGroup = 562606951E3D487F0070E151;
			productRefGroup = 5626069F1E3D487F0070E151 /* Products */;
			projectDirPath = "";
			projectRoot = "";
			targets = (
				5626069D1E3D487F0070E151 /* SimonSays */,
			);
		};
/* End PBXProject section */

/* Begin PBXResourcesBuildPhase section */
		5626069C1E3D487F0070E151 /* Resources */ = {
			isa = PBXResourcesBuildPhase;
			buildActionMask = 2147483647;
			files = (
				562606AC1E3D487F0070E151 /* LaunchScreen.storyboard in Resources */,
				562606A91E3D487F0070E151 /* Assets.xcassets in Resources */,
				562606A71E3D487F0070E151 /* Main.storyboard in Resources */,
			);
			runOnlyForDeploymentPostprocessing = 0;
		};
/* End PBXResourcesBuildPhase section */

/* Begin PBXSourcesBuildPhase section */
		5626069A1E3D487F0070E151 /* Sources */ = {
			isa = PBXSourcesBuildPhase;
			buildActionMask = 2147483647;
			files = (
				562606A41E3D487F0070E151 /* ViewController.swift in Sources */,
				562606A21E3D487F0070E151 /* AppDelegate.swift in Sources */,
			);
			runOnlyForDeploymentPostprocessing = 0;
		};
/* End PBXSourcesBuildPhase section */

/* Begin PBXVariantGroup section */
		562606A51E3D487F0070E151 /* Main.storyboard */ = {
			isa = PBXVariantGroup;
			children = (
				562606A61E3D487F0070E151 /* Base */,
			);
			name = Main.storyboard;
			sourceTree = "<group>";
		};
		562606AA1E3D487F0070E151 /* LaunchScreen.storyboard */ = {
			isa = PBXVariantGroup;
			children = (
				562606AB1E3D487F0070E151 /* Base */,
			);
			name = LaunchScreen.storyboard;
			sourceTree = "<group>";
		};
/* End PBXVariantGroup section */

/* Begin XCBuildConfiguration section */
		562606AE1E3D487F0070E151 /* Debug */ = {
			isa = XCBuildConfiguration;
			buildSettings = {
				ALWAYS_SEARCH_USER_PATHS = NO;
				CLANG_ANALYZER_NONNULL = YES;
				CLANG_CXX_LANGUAGE_STANDARD = "gnu++0x";
				CLANG_CXX_LIBRARY = "libc++";
				CLANG_ENABLE_MODULES = YES;
				CLANG_ENABLE_OBJC_ARC = YES;
				CLANG_WARN_BOOL_CONVERSION = YES;
				CLANG_WARN_CONSTANT_CONVERSION = YES;
				CLANG_WARN_DIRECT_OBJC_ISA_USAGE = YES_ERROR;
				CLANG_WARN_DOCUMENTATION_COMMENTS = YES;
				CLANG_WARN_EMPTY_BODY = YES;
				CLANG_WARN_ENUM_CONVERSION = YES;
				CLANG_WARN_INFINITE_RECURSION = YES;
				CLANG_WARN_INT_CONVERSION = YES;
				CLANG_WARN_OBJC_ROOT_CLASS = YES_ERROR;
				CLANG_WARN_SUSPICIOUS_MOVE = YES;
				CLANG_WARN_UNREACHABLE_CODE = YES;
				CLANG_WARN__DUPLICATE_METHOD_MATCH = YES;
				"CODE_SIGN_IDENTITY[sdk=iphoneos*]" = "iPhone Developer";
				COPY_PHASE_STRIP = NO;
				DEBUG_INFORMATION_FORMAT = dwarf;
				ENABLE_STRICT_OBJC_MSGSEND = YES;
				ENABLE_TESTABILITY = YES;
				GCC_C_LANGUAGE_STANDARD = gnu99;
				GCC_DYNAMIC_NO_PIC = NO;
				GCC_NO_COMMON_BLOCKS = YES;
				GCC_OPTIMIZATION_LEVEL = 0;
				GCC_PREPROCESSOR_DEFINITIONS = (
					"DEBUG=1",
					"$(inherited)",
				);
				GCC_WARN_64_TO_32_BIT_CONVERSION = YES;
				GCC_WARN_ABOUT_RETURN_TYPE = YES_ERROR;
				GCC_WARN_UNDECLARED_SELECTOR = YES;
				GCC_WARN_UNINITIALIZED_AUTOS = YES_AGGRESSIVE;
				GCC_WARN_UNUSED_FUNCTION = YES;
				GCC_WARN_UNUSED_VARIABLE = YES;
				IPHONEOS_DEPLOYMENT_TARGET = 10.2;
				MTL_ENABLE_DEBUG_INFO = YES;
				ONLY_ACTIVE_ARCH = YES;
				SDKROOT = iphoneos;
				SWIFT_ACTIVE_COMPILATION_CONDITIONS = DEBUG;
				SWIFT_OPTIMIZATION_LEVEL = "-Onone";
			};
			name = Debug;
		};
		562606AF1E3D487F0070E151 /* Release */ = {
			isa = XCBuildConfiguration;
			buildSettings = {
				ALWAYS_SEARCH_USER_PATHS = NO;
				CLANG_ANALYZER_NONNULL = YES;
				CLANG_CXX_LANGUAGE_STANDARD = "gnu++0x";
				CLANG_CXX_LIBRARY = "libc++";
				CLANG_ENABLE_MODULES = YES;
				CLANG_ENABLE_OBJC_ARC = YES;
				CLANG_WARN_BOOL_CONVERSION = YES;
				CLANG_WARN_CONSTANT_CONVERSION = YES;
				CLANG_WARN_DIRECT_OBJC_ISA_USAGE = YES_ERROR;
				CLANG_WARN_DOCUMENTATION_COMMENTS = YES;
				CLANG_WARN_EMPTY_BODY = YES;
				CLANG_WARN_ENUM_CONVERSION = YES;
				CLANG_WARN_INFINITE_RECURSION = YES;
				CLANG_WARN_INT_CONVERSION = YES;
				CLANG_WARN_OBJC_ROOT_CLASS = YES_ERROR;
				CLANG_WARN_SUSPICIOUS_MOVE = YES;
				CLANG_WARN_UNREACHABLE_CODE = YES;
				CLANG_WARN__DUPLICATE_METHOD_MATCH = YES;
				"CODE_SIGN_IDENTITY[sdk=iphoneos*]" = "iPhone Developer";
				COPY_PHASE_STRIP = NO;
				DEBUG_INFORMATION_FORMAT = "dwarf-with-dsym";
				ENABLE_NS_ASSERTIONS = NO;
				ENABLE_STRICT_OBJC_MSGSEND = YES;
				GCC_C_LANGUAGE_STANDARD = gnu99;
				GCC_NO_COMMON_BLOCKS = YES;
				GCC_WARN_64_TO_32_BIT_CONVERSION = YES;
				GCC_WARN_ABOUT_RETURN_TYPE = YES_ERROR;
				GCC_WARN_UNDECLARED_SELECTOR = YES;
				GCC_WARN_UNINITIALIZED_AUTOS = YES_AGGRESSIVE;
				GCC_WARN_UNUSED_FUNCTION = YES;
				GCC_WARN_UNUSED_VARIABLE = YES;
				IPHONEOS_DEPLOYMENT_TARGET = 10.2;
				MTL_ENABLE_DEBUG_INFO = NO;
				SDKROOT = iphoneos;
				SWIFT_OPTIMIZATION_LEVEL = "-Owholemodule";
				VALIDATE_PRODUCT = YES;
			};
			name = Release;
		};
		562606B11E3D487F0070E151 /* Debug */ = {
			isa = XCBuildConfiguration;
			buildSettings = {
				ASSETCATALOG_COMPILER_APPICON_NAME = AppIcon;
				INFOPLIST_FILE = SimonSays/Info.plist;
				LD_RUNPATH_SEARCH_PATHS = "$(inherited) @executable_path/Frameworks";
				PRODUCT_BUNDLE_IDENTIFIER = com.mycompany.SimonSays;
				PRODUCT_NAME = "$(TARGET_NAME)";
				SWIFT_VERSION = 3.0;
			};
			name = Debug;
		};
		562606B21E3D487F0070E151 /* Release */ = {
			isa = XCBuildConfiguration;
			buildSettings = {
				ASSETCATALOG_COMPILER_APPICON_NAME = AppIcon;
				INFOPLIST_FILE = SimonSays/Info.plist;
				LD_RUNPATH_SEARCH_PATHS = "$(inherited) @executable_path/Frameworks";
				PRODUCT_BUNDLE_IDENTIFIER = com.mycompany.SimonSays;
				PRODUCT_NAME = "$(TARGET_NAME)";
				SWIFT_VERSION = 3.0;
			};
			name = Release;
		};
/* End XCBuildConfiguration section */

/* Begin XCConfigurationList section */
		562606991E3D487F0070E151 /* Build configuration list for PBXProject "SimonSays" */ = {
			isa = XCConfigurationList;
			buildConfigurations = (
				562606AE1E3D487F0070E151 /* Debug */,
				562606AF1E3D487F0070E151 /* Release */,
			);
			defaultConfigurationIsVisible = 0;
			defaultConfigurationName = Release;
		};
		562606B01E3D487F0070E151 /* Build configuration list for PBXNativeTarget "SimonSays" */ = {
			isa = XCConfigurationList;
			buildConfigurations = (
				562606B11E3D487F0070E151 /* Debug */,
				562606B21E3D487F0070E151 /* Release */,
			);
			defaultConfigurationIsVisible = 0;
		};
/* End XCConfigurationList section */
	};
	rootObject = 562606961E3D487F0070E151 /* Project object */;
}
